{
  "name": "@podman-desktop-companion/terminal",
  "version": "1.0.0",
  "lockfileVersion": 2,
  "requires": true,
  "packages": {
    "": {
      "name": "@podman-desktop-companion/terminal",
      "version": "1.0.0",
      "license": "ISC",
      "dependencies": {
        "@podman-desktop-companion/executor": "file:../executor"
      },
      "engines": {
        "node": "~16"
      }
    },
    "../executor": {
      "version": "1.0.0",
      "license": "ISC",
      "engines": {
        "node": "~16"
      }
    },
    "node_modules/@podman-desktop-companion/executor": {
      "resolved": "../executor",
      "link": true
    }
  },
  "dependencies": {
    "@podman-desktop-companion/executor": {
      "version": "file:../executor"
    }
  }
}
