{
  "name": "@podman-desktop-companion/terminal",
  "version": "1.0.0",
  "lockfileVersion": 2,
  "requires": true,
  "packages": {
    "": {
      "name": "@podman-desktop-companion/terminal",
      "version": "1.0.0",
      "license": "ISC",
      "dependencies": {
        "@podman-desktop-companion/executor": "file:../executor",
        "electron-log": "^4.4.1"
      },
      "engines": {
        "node": "~16"
      }
    },
    "../executor": {
      "version": "1.0.0",
      "license": "ISC",
      "dependencies": {
        "electron-log": "^4.4.1"
      },
      "engines": {
        "node": "~16"
      }
    },
    "node_modules/@podman-desktop-companion/executor": {
      "resolved": "../executor",
      "link": true
    },
    "node_modules/electron-log": {
      "version": "4.4.1",
      "resolved": "https://registry.npmjs.org/electron-log/-/electron-log-4.4.1.tgz",
      "integrity": "sha512-nK/DwxPLtwWbggPCm27eMQhYHc3gzoZ+cokBK99diO4WsZJKrv5l44EUW8mRfWpmC8ZubnMyp6GTUIJyTc9AJA=="
    }
  },
  "dependencies": {
    "@podman-desktop-companion/executor": {
      "version": "file:../executor",
      "requires": {
        "electron-log": "^4.4.1"
      }
    },
    "electron-log": {
      "version": "4.4.1",
      "resolved": "https://registry.npmjs.org/electron-log/-/electron-log-4.4.1.tgz",
      "integrity": "sha512-nK/DwxPLtwWbggPCm27eMQhYHc3gzoZ+cokBK99diO4WsZJKrv5l44EUW8mRfWpmC8ZubnMyp6GTUIJyTc9AJA=="
    }
  }
}
