{
  "name": "@podman-desktop-companion/executor",
  "version": "1.0.0",
  "lockfileVersion": 2,
  "requires": true,
  "packages": {
    "": {
      "name": "@podman-desktop-companion/executor",
      "version": "1.0.0",
      "license": "ISC",
      "dependencies": {
        "@podman-desktop-companion/logger": "file:../logger",
        "@podman-desktop-companion/utils": "file:../utils"
      },
      "engines": {
        "node": "~16"
      }
    },
    "../logger": {
      "version": "1.0.0",
      "license": "ISC",
      "dependencies": {
        "@podman-desktop-companion/user-settings": "file:../user-settings",
        "electron-log": "^4.4.6"
      },
      "engines": {
        "node": "~16"
      }
    },
    "../utils": {
      "version": "1.0.0",
      "license": "ISC",
      "engines": {
        "node": "~16"
      },
      "peerDependencies": {
        "axios": "^0.26.1"
      }
    },
    "node_modules/@podman-desktop-companion/logger": {
      "resolved": "../logger",
      "link": true
    },
    "node_modules/@podman-desktop-companion/utils": {
      "resolved": "../utils",
      "link": true
    }
  },
  "dependencies": {
    "@podman-desktop-companion/logger": {
      "version": "file:../logger",
      "requires": {
        "@podman-desktop-companion/user-settings": "file:../user-settings",
        "electron-log": "^4.4.6"
      }
    },
    "@podman-desktop-companion/utils": {
      "version": "file:../utils",
      "requires": {}
    }
  }
}
