{
  "name": "@podman-desktop-companion/executor",
  "version": "1.0.0",
  "lockfileVersion": 2,
  "requires": true,
  "packages": {
    "": {
      "name": "@podman-desktop-companion/executor",
      "version": "1.0.0",
      "license": "ISC",
      "engines": {
        "node": "~16"
      }
    }
  }
}
