{
  "name": "@podman-desktop-companion/container-client",
  "version": "1.0.0",
  "lockfileVersion": 2,
  "requires": true,
  "packages": {
    "": {
      "name": "@podman-desktop-companion/container-client",
      "version": "1.0.0",
      "license": "ISC",
      "dependencies": {
        "@podman-desktop-companion/executor": "file:../executor",
        "@podman-desktop-companion/terminal": "file:../terminal",
        "@podman-desktop-companion/utils": "file:../utils",
        "axios": "^0.24.0",
        "electron-cfg": "^1.2.7",
        "electron-log": "^4.4.1"
      },
      "engines": {
        "node": "~16"
      }
    },
    "../executor": {
      "version": "1.0.0",
      "license": "ISC",
      "engines": {
        "node": "~16"
      }
    },
    "../terminal": {
      "version": "1.0.0",
      "license": "ISC",
      "dependencies": {
        "@podman-desktop-companion/executor": "file:../executor"
      },
      "engines": {
        "node": "~16"
      }
    },
    "../terminal/node_modules/@podman-desktop-companion/executor": {
      "resolved": "../executor",
      "link": true
    },
    "../utils": {
      "version": "1.0.0",
      "license": "ISC",
      "engines": {
        "node": "~16"
      },
      "peerDependencies": {
        "axios": "^0.24.0"
      }
    },
    "node_modules/@podman-desktop-companion/executor": {
      "resolved": "../executor",
      "link": true
    },
    "node_modules/@podman-desktop-companion/terminal": {
      "resolved": "../terminal",
      "link": true
    },
    "node_modules/@podman-desktop-companion/utils": {
      "resolved": "../utils",
      "link": true
    },
    "node_modules/axios": {
      "version": "0.24.0",
      "license": "MIT",
      "dependencies": {
        "follow-redirects": "^1.14.4"
      }
    },
    "node_modules/electron-cfg": {
      "version": "1.2.7",
      "license": "MIT",
      "engines": {
        "node": ">=8.0"
      }
    },
    "node_modules/electron-log": {
      "version": "4.4.1",
      "license": "MIT"
    },
    "node_modules/follow-redirects": {
      "version": "1.14.6",
      "funding": [
        {
          "type": "individual",
          "url": "https://github.com/sponsors/RubenVerborgh"
        }
      ],
      "license": "MIT",
      "engines": {
        "node": ">=4.0"
      },
      "peerDependenciesMeta": {
        "debug": {
          "optional": true
        }
      }
    }
  },
  "dependencies": {
    "@podman-desktop-companion/executor": {
      "version": "file:../executor"
    },
    "@podman-desktop-companion/terminal": {
      "version": "file:../terminal",
      "requires": {
        "@podman-desktop-companion/executor": "file:../executor"
      },
      "dependencies": {
        "@podman-desktop-companion/executor": {
          "version": "file:../executor"
        }
      }
    },
    "@podman-desktop-companion/utils": {
      "version": "file:../utils",
      "requires": {}
    },
    "axios": {
      "version": "0.24.0",
      "requires": {
        "follow-redirects": "^1.14.4"
      }
    },
    "electron-cfg": {
      "version": "1.2.7"
    },
    "electron-log": {
      "version": "4.4.1"
    },
    "follow-redirects": {
      "version": "1.14.6"
    }
  }
}
