{
  "name": "@podman-desktop-companion/logger",
  "version": "1.0.0",
  "lockfileVersion": 2,
  "requires": true,
  "packages": {
    "": {
      "name": "@podman-desktop-companion/logger",
      "version": "1.0.0",
      "license": "ISC",
      "dependencies": {
        "@podman-desktop-companion/user-settings": "file:../user-settings",
        "electron-log": "^4.4.6"
      },
      "engines": {
        "node": "~16"
      }
    },
    "../user-settings": {
      "version": "1.0.0",
      "license": "ISC",
      "dependencies": {
        "electron-cfg": "^1.2.7"
      },
      "engines": {
        "node": "~16"
      }
    },
    "node_modules/@podman-desktop-companion/user-settings": {
      "resolved": "../user-settings",
      "link": true
    },
    "node_modules/electron-log": {
      "version": "4.4.6",
      "resolved": "https://registry.npmjs.org/electron-log/-/electron-log-4.4.6.tgz",
      "integrity": "sha512-nirYgRdY+F+vclr8ijdwy2vW03IzFpDHTaKNWu76dEN21Y76+smcES5knS7cgHUUB0qNLOi8vZO36taakjbSXA=="
    }
  },
  "dependencies": {
    "@podman-desktop-companion/user-settings": {
      "version": "file:../user-settings",
      "requires": {
        "electron-cfg": "^1.2.7"
      }
    },
    "electron-log": {
      "version": "4.4.6",
      "resolved": "https://registry.npmjs.org/electron-log/-/electron-log-4.4.6.tgz",
      "integrity": "sha512-nirYgRdY+F+vclr8ijdwy2vW03IzFpDHTaKNWu76dEN21Y76+smcES5knS7cgHUUB0qNLOi8vZO36taakjbSXA=="
    }
  }
}
