{
  "name": "@podman-desktop-companion/user-settings",
  "version": "1.0.0",
  "lockfileVersion": 2,
  "requires": true,
  "packages": {
    "": {
      "name": "@podman-desktop-companion/user-settings",
      "version": "1.0.0",
      "license": "ISC",
      "dependencies": {
        "@podman-desktop-companion/user-settings": "file:../user-settings",
        "electron-cfg": "^1.2.7"
      },
      "engines": {
        "node": "~16"
      }
    },
    "node_modules/@podman-desktop-companion/user-settings": {
      "resolved": "",
      "link": true
    },
    "node_modules/electron-cfg": {
      "version": "1.2.7",
      "resolved": "https://registry.npmjs.org/electron-cfg/-/electron-cfg-1.2.7.tgz",
      "integrity": "sha512-mlRbuYfWgHJ6WdPmGlcRe/cI4Nw3aht1sdGGIoGR0M9HIhcdsHFhjYLTcqL7mG3pIKhoLCYFGCFDagA/WMKeiA==",
      "engines": {
        "node": ">=8.0"
      }
    }
  },
  "dependencies": {
    "@podman-desktop-companion/user-settings": {
      "version": "file:",
      "requires": {
        "@podman-desktop-companion/user-settings": "file:",
        "electron-cfg": "^1.2.7"
      },
      "dependencies": {
        "electron-cfg": {
          "version": "1.2.7",
          "resolved": "https://registry.npmjs.org/electron-cfg/-/electron-cfg-1.2.7.tgz",
          "integrity": "sha512-mlRbuYfWgHJ6WdPmGlcRe/cI4Nw3aht1sdGGIoGR0M9HIhcdsHFhjYLTcqL7mG3pIKhoLCYFGCFDagA/WMKeiA=="
        }
      }
    },
    "electron-cfg": {
      "version": "1.2.7",
      "resolved": "https://registry.npmjs.org/electron-cfg/-/electron-cfg-1.2.7.tgz",
      "integrity": "sha512-mlRbuYfWgHJ6WdPmGlcRe/cI4Nw3aht1sdGGIoGR0M9HIhcdsHFhjYLTcqL7mG3pIKhoLCYFGCFDagA/WMKeiA=="
    }
  }
}
