{
  "name": "@podman-desktop-companion/user-settings",
  "version": "1.0.0",
  "lockfileVersion": 2,
  "requires": true,
  "packages": {
    "": {
      "name": "@podman-desktop-companion/user-settings",
      "version": "1.0.0",
      "license": "ISC",
      "dependencies": {
        "electron-cfg": "^1.2.7"
      },
      "engines": {
        "node": "~16"
      }
    },
    "node_modules/electron-cfg": {
      "version": "1.2.7",
      "resolved": "https://registry.npmjs.org/electron-cfg/-/electron-cfg-1.2.7.tgz",
      "integrity": "sha512-mlRbuYfWgHJ6WdPmGlcRe/cI4Nw3aht1sdGGIoGR0M9HIhcdsHFhjYLTcqL7mG3pIKhoLCYFGCFDagA/WMKeiA==",
      "engines": {
        "node": ">=8.0"
      }
    }
  },
  "dependencies": {
    "electron-cfg": {
      "version": "1.2.7",
      "resolved": "https://registry.npmjs.org/electron-cfg/-/electron-cfg-1.2.7.tgz",
      "integrity": "sha512-mlRbuYfWgHJ6WdPmGlcRe/cI4Nw3aht1sdGGIoGR0M9HIhcdsHFhjYLTcqL7mG3pIKhoLCYFGCFDagA/WMKeiA=="
    }
  }
}
